
Microsoft Visual Studio Solution File, Format Version 12.00
# Visual Studio 15
VisualStudioVersion = 15.0.28307.1585
MinimumVisualStudioVersion = 10.0.40219.1
Project("{FAE04EC0-301F-11D3-BF4B-00C04F79EFBC}") = "if語句", "if語句\if語句.csproj", "{AC1C8DAD-9CBE-4F83-8392-CF988EE15DAC}"
EndProject
Global
	GlobalSection(SolutionConfigurationPlatforms) = preSolution
		Debug|Any CPU = Debug|Any CPU
		Release|Any CPU = Release|Any CPU
	EndGlobalSection
	GlobalSection(ProjectConfigurationPlatforms) = postSolution
		{AC1C8DAD-9CBE-4F83-8392-CF988EE15DAC}.Debug|Any CPU.ActiveCfg = Debug|Any CPU
		{AC1C8DAD-9CBE-4F83-8392-CF988EE15DAC}.Debug|Any CPU.Build.0 = Debug|Any CPU
		{AC1C8DAD-9CBE-4F83-8392-CF988EE15DAC}.Release|Any CPU.ActiveCfg = Release|Any CPU
		{AC1C8DAD-9CBE-4F83-8392-CF988EE15DAC}.Release|Any CPU.Build.0 = Release|Any CPU
	EndGlobalSection
	GlobalSection(SolutionProperties) = preSolution
		HideSolutionNode = FALSE
	EndGlobalSection
	GlobalSection(ExtensibilityGlobals) = postSolution
		SolutionGuid = {90752C56-5D58-49A1-B470-FB5258A91B14}
	EndGlobalSection
EndGlobal
