
Microsoft Visual Studio Solution File, Format Version 12.00
# Visual Studio 15
VisualStudioVersion = 15.0.28307.1585
MinimumVisualStudioVersion = 10.0.40219.1
Project("{FAE04EC0-301F-11D3-BF4B-00C04F79EFBC}") = "01 InheritanceDemo", "01 InheritanceDemo\01 InheritanceDemo.csproj", "{07A7A238-F0EC-4892-99E3-AB3ECEFC028B}"
EndProject
Project("{FAE04EC0-301F-11D3-BF4B-00C04F79EFBC}") = "02 VirtualOverrideDemo", "02 VirtualOverrideDemo\02 VirtualOverrideDemo.csproj", "{020E72C2-E8DF-41A3-98CA-1DC6C3262DA6}"
EndProject
Project("{FAE04EC0-301F-11D3-BF4B-00C04F79EFBC}") = "03 InheritanceC", "03 InheritanceC\03 InheritanceC.csproj", "{B4CBA6DB-4EFB-4B1C-8352-BEF9471BFEC4}"
EndProject
Project("{FAE04EC0-301F-11D3-BF4B-00C04F79EFBC}") = "04 InheritanceChallenge2", "04 InheritanceChallenge2\04 InheritanceChallenge2.csproj", "{0A522327-F65D-4296-8B86-FA8E5AD5B7E4}"
EndProject
Project("{FAE04EC0-301F-11D3-BF4B-00C04F79EFBC}") = "05 InterfaceDemo", "05 InterfaceDemo\05 InterfaceDemo.csproj", "{36F7FCDB-70A1-4F4A-ABFF-8D07B5BCC242}"
EndProject
Project("{FAE04EC0-301F-11D3-BF4B-00C04F79EFBC}") = "06 InheritanceDemo2", "06 InheritanceDemo2\06 InheritanceDemo2.csproj", "{908D24B2-6191-42D8-8337-25DDE07A72F5}"
EndProject
Project("{FAE04EC0-301F-11D3-BF4B-00C04F79EFBC}") = "07 IEnumerableAndIEnumeratorDemo", "07 IEnumerableAndIEnumeratorDemo\07 IEnumerableAndIEnumeratorDemo.csproj", "{703576F2-766F-4FEB-8312-2227566674A7}"
EndProject
Project("{FAE04EC0-301F-11D3-BF4B-00C04F79EFBC}") = "08 IEnumerableDemo", "08 IEnumerableDemo\08 IEnumerableDemo.csproj", "{D7F526FF-FD0F-4CA3-B30A-2D46F5BC1A7A}"
EndProject
Project("{FAE04EC0-301F-11D3-BF4B-00C04F79EFBC}") = "09 IEnumerableDemo2", "09 IEnumerableDemo2\09 IEnumerableDemo2.csproj", "{895D2EF4-0805-43D1-A4E6-18EA22F76C97}"
EndProject
Global
	GlobalSection(SolutionConfigurationPlatforms) = preSolution
		Debug|Any CPU = Debug|Any CPU
		Release|Any CPU = Release|Any CPU
	EndGlobalSection
	GlobalSection(ProjectConfigurationPlatforms) = postSolution
		{07A7A238-F0EC-4892-99E3-AB3ECEFC028B}.Debug|Any CPU.ActiveCfg = Debug|Any CPU
		{07A7A238-F0EC-4892-99E3-AB3ECEFC028B}.Debug|Any CPU.Build.0 = Debug|Any CPU
		{07A7A238-F0EC-4892-99E3-AB3ECEFC028B}.Release|Any CPU.ActiveCfg = Release|Any CPU
		{07A7A238-F0EC-4892-99E3-AB3ECEFC028B}.Release|Any CPU.Build.0 = Release|Any CPU
		{020E72C2-E8DF-41A3-98CA-1DC6C3262DA6}.Debug|Any CPU.ActiveCfg = Debug|Any CPU
		{020E72C2-E8DF-41A3-98CA-1DC6C3262DA6}.Debug|Any CPU.Build.0 = Debug|Any CPU
		{020E72C2-E8DF-41A3-98CA-1DC6C3262DA6}.Release|Any CPU.ActiveCfg = Release|Any CPU
		{020E72C2-E8DF-41A3-98CA-1DC6C3262DA6}.Release|Any CPU.Build.0 = Release|Any CPU
		{B4CBA6DB-4EFB-4B1C-8352-BEF9471BFEC4}.Debug|Any CPU.ActiveCfg = Debug|Any CPU
		{B4CBA6DB-4EFB-4B1C-8352-BEF9471BFEC4}.Debug|Any CPU.Build.0 = Debug|Any CPU
		{B4CBA6DB-4EFB-4B1C-8352-BEF9471BFEC4}.Release|Any CPU.ActiveCfg = Release|Any CPU
		{B4CBA6DB-4EFB-4B1C-8352-BEF9471BFEC4}.Release|Any CPU.Build.0 = Release|Any CPU
		{0A522327-F65D-4296-8B86-FA8E5AD5B7E4}.Debug|Any CPU.ActiveCfg = Debug|Any CPU
		{0A522327-F65D-4296-8B86-FA8E5AD5B7E4}.Debug|Any CPU.Build.0 = Debug|Any CPU
		{0A522327-F65D-4296-8B86-FA8E5AD5B7E4}.Release|Any CPU.ActiveCfg = Release|Any CPU
		{0A522327-F65D-4296-8B86-FA8E5AD5B7E4}.Release|Any CPU.Build.0 = Release|Any CPU
		{36F7FCDB-70A1-4F4A-ABFF-8D07B5BCC242}.Debug|Any CPU.ActiveCfg = Debug|Any CPU
		{36F7FCDB-70A1-4F4A-ABFF-8D07B5BCC242}.Debug|Any CPU.Build.0 = Debug|Any CPU
		{36F7FCDB-70A1-4F4A-ABFF-8D07B5BCC242}.Release|Any CPU.ActiveCfg = Release|Any CPU
		{36F7FCDB-70A1-4F4A-ABFF-8D07B5BCC242}.Release|Any CPU.Build.0 = Release|Any CPU
		{908D24B2-6191-42D8-8337-25DDE07A72F5}.Debug|Any CPU.ActiveCfg = Debug|Any CPU
		{908D24B2-6191-42D8-8337-25DDE07A72F5}.Debug|Any CPU.Build.0 = Debug|Any CPU
		{908D24B2-6191-42D8-8337-25DDE07A72F5}.Release|Any CPU.ActiveCfg = Release|Any CPU
		{908D24B2-6191-42D8-8337-25DDE07A72F5}.Release|Any CPU.Build.0 = Release|Any CPU
		{703576F2-766F-4FEB-8312-2227566674A7}.Debug|Any CPU.ActiveCfg = Debug|Any CPU
		{703576F2-766F-4FEB-8312-2227566674A7}.Debug|Any CPU.Build.0 = Debug|Any CPU
		{703576F2-766F-4FEB-8312-2227566674A7}.Release|Any CPU.ActiveCfg = Release|Any CPU
		{703576F2-766F-4FEB-8312-2227566674A7}.Release|Any CPU.Build.0 = Release|Any CPU
		{D7F526FF-FD0F-4CA3-B30A-2D46F5BC1A7A}.Debug|Any CPU.ActiveCfg = Debug|Any CPU
		{D7F526FF-FD0F-4CA3-B30A-2D46F5BC1A7A}.Debug|Any CPU.Build.0 = Debug|Any CPU
		{D7F526FF-FD0F-4CA3-B30A-2D46F5BC1A7A}.Release|Any CPU.ActiveCfg = Release|Any CPU
		{D7F526FF-FD0F-4CA3-B30A-2D46F5BC1A7A}.Release|Any CPU.Build.0 = Release|Any CPU
		{895D2EF4-0805-43D1-A4E6-18EA22F76C97}.Debug|Any CPU.ActiveCfg = Debug|Any CPU
		{895D2EF4-0805-43D1-A4E6-18EA22F76C97}.Debug|Any CPU.Build.0 = Debug|Any CPU
		{895D2EF4-0805-43D1-A4E6-18EA22F76C97}.Release|Any CPU.ActiveCfg = Release|Any CPU
		{895D2EF4-0805-43D1-A4E6-18EA22F76C97}.Release|Any CPU.Build.0 = Release|Any CPU
	EndGlobalSection
	GlobalSection(SolutionProperties) = preSolution
		HideSolutionNode = FALSE
	EndGlobalSection
	GlobalSection(ExtensibilityGlobals) = postSolution
		SolutionGuid = {859F7CB6-800E-439C-BC9A-D3AADD52A4ED}
	EndGlobalSection
EndGlobal
