
Microsoft Visual Studio Solution File, Format Version 12.00
# Visual Studio 15
VisualStudioVersion = 15.0.28307.1585
MinimumVisualStudioVersion = 10.0.40219.1
Project("{FAE04EC0-301F-11D3-BF4B-00C04F79EFBC}") = "01 DelegatesDemo", "01 DelegatesDemo\01 DelegatesDemo.csproj", "{6251382D-D6DD-4770-82D1-02432D0D0868}"
EndProject
Global
	GlobalSection(SolutionConfigurationPlatforms) = preSolution
		Debug|Any CPU = Debug|Any CPU
		Release|Any CPU = Release|Any CPU
	EndGlobalSection
	GlobalSection(ProjectConfigurationPlatforms) = postSolution
		{6251382D-D6DD-4770-82D1-02432D0D0868}.Debug|Any CPU.ActiveCfg = Debug|Any CPU
		{6251382D-D6DD-4770-82D1-02432D0D0868}.Debug|Any CPU.Build.0 = Debug|Any CPU
		{6251382D-D6DD-4770-82D1-02432D0D0868}.Release|Any CPU.ActiveCfg = Release|Any CPU
		{6251382D-D6DD-4770-82D1-02432D0D0868}.Release|Any CPU.Build.0 = Release|Any CPU
	EndGlobalSection
	GlobalSection(SolutionProperties) = preSolution
		HideSolutionNode = FALSE
	EndGlobalSection
	GlobalSection(ExtensibilityGlobals) = postSolution
		SolutionGuid = {F018C49A-D248-4D4F-9D8B-EEC72EA8200C}
	EndGlobalSection
EndGlobal
