
Microsoft Visual Studio Solution File, Format Version 12.00
# Visual Studio 15
VisualStudioVersion = 15.0.28307.1585
MinimumVisualStudioVersion = 10.0.40219.1
Project("{FAE04EC0-301F-11D3-BF4B-00C04F79EFBC}") = "Arrays", "Arrays.csproj", "{83FA25BB-5CFC-43FB-911E-C1E19BF6DA48}"
EndProject
Project("{FAE04EC0-301F-11D3-BF4B-00C04F79EFBC}") = "01 Foreach loops", "Foreach loops\01 Foreach loops.csproj", "{CF599A33-CD7B-4535-9AC4-465CEC5D44A8}"
EndProject
Project("{FAE04EC0-301F-11D3-BF4B-00C04F79EFBC}") = "Foreach loop and Switch 語句 挑戰", "Foreach loop and Switch 語句 挑戰\Foreach loop and Switch 語句 挑戰.csproj", "{C7C03A7B-07E2-45B4-8937-56FAEA496402}"
EndProject
Project("{FAE04EC0-301F-11D3-BF4B-00C04F79EFBC}") = "Multi Dimensional Arrays", "Multi Dimensional Arrays\Multi Dimensional Arrays.csproj", "{0231F021-9C13-4F10-880C-76BD3E0DF613}"
EndProject
Project("{FAE04EC0-301F-11D3-BF4B-00C04F79EFBC}") = "Nested For Loops and 2D Arrays", "Nested For Loops and 2D Arrays\Nested For Loops and 2D Arrays.csproj", "{EA8B32F9-F2AE-4422-8051-BE1DE6528E51}"
EndProject
Project("{FAE04EC0-301F-11D3-BF4B-00C04F79EFBC}") = "2D Arrays 小練習", "2D Arrays 小練習\2D Arrays 小練習.csproj", "{8C779A7D-768F-4F93-99C2-DDB71D309448}"
EndProject
Project("{FAE04EC0-301F-11D3-BF4B-00C04F79EFBC}") = "JaggedArray", "JaggedArray\JaggedArray.csproj", "{C7D6B6EB-5101-40B1-9A75-430AA1459AAD}"
EndProject
Project("{FAE04EC0-301F-11D3-BF4B-00C04F79EFBC}") = "JaggedArray 小練習", "JaggedArray 小練習\JaggedArray 小練習.csproj", "{7169FDEF-6331-4902-8880-9624E5803CCB}"
EndProject
Project("{FAE04EC0-301F-11D3-BF4B-00C04F79EFBC}") = "ArrayAsParameters", "ArrayAsParameters\ArrayAsParameters.csproj", "{80A99E2D-D70B-4518-99AD-FE2D06EC90FD}"
EndProject
Project("{FAE04EC0-301F-11D3-BF4B-00C04F79EFBC}") = "ParamsExample", "ParamsExample\ParamsExample.csproj", "{01173E51-FB5C-4377-956C-3FCACCE11838}"
EndProject
Project("{FAE04EC0-301F-11D3-BF4B-00C04F79EFBC}") = "ParamsExample2", "..\ParamsExample2\ParamsExample2.csproj", "{F784D334-3438-4572-AD8F-C055AD1C3AA6}"
EndProject
Project("{FAE04EC0-301F-11D3-BF4B-00C04F79EFBC}") = "ArrayListC", "ArraylistC\ArrayListC.csproj", "{AE3781AB-A545-4030-8768-8AB9BD85B24C}"
EndProject
Project("{FAE04EC0-301F-11D3-BF4B-00C04F79EFBC}") = "ArrayLists VS Lists", "..\ArrayLists VS Lists\ArrayLists VS Lists.csproj", "{EB8802BB-6B85-4627-88AF-2307BE9521D7}"
EndProject
Project("{FAE04EC0-301F-11D3-BF4B-00C04F79EFBC}") = "Hashtables", "Hashtables\Hashtables.csproj", "{A9DE4300-BE16-45F6-990D-F00982AEF08F}"
EndProject
Project("{FAE04EC0-301F-11D3-BF4B-00C04F79EFBC}") = "HashTableChallenge", "HashTableChallenge\HashTableChallenge.csproj", "{6A4F816C-710C-4D4A-87C6-13BEA11DDCA9}"
EndProject
Project("{FAE04EC0-301F-11D3-BF4B-00C04F79EFBC}") = "DictionairesDemo", "DictionairesDemo\DictionairesDemo.csproj", "{C3305BEE-5615-4F0B-BF04-E23A324CD0E8}"
EndProject
Project("{FAE04EC0-301F-11D3-BF4B-00C04F79EFBC}") = "Stacks", "Stacks\Stacks.csproj", "{2C6FB61D-506C-45FA-A92F-CCE19CE0E805}"
EndProject
Project("{FAE04EC0-301F-11D3-BF4B-00C04F79EFBC}") = "Queue", "Queue\Queue.csproj", "{DB777B7A-FE0D-407D-ACEA-CFF7BB911BFB}"
EndProject
Global
	GlobalSection(SolutionConfigurationPlatforms) = preSolution
		Debug|Any CPU = Debug|Any CPU
		Release|Any CPU = Release|Any CPU
	EndGlobalSection
	GlobalSection(ProjectConfigurationPlatforms) = postSolution
		{83FA25BB-5CFC-43FB-911E-C1E19BF6DA48}.Debug|Any CPU.ActiveCfg = Debug|Any CPU
		{83FA25BB-5CFC-43FB-911E-C1E19BF6DA48}.Debug|Any CPU.Build.0 = Debug|Any CPU
		{83FA25BB-5CFC-43FB-911E-C1E19BF6DA48}.Release|Any CPU.ActiveCfg = Release|Any CPU
		{83FA25BB-5CFC-43FB-911E-C1E19BF6DA48}.Release|Any CPU.Build.0 = Release|Any CPU
		{CF599A33-CD7B-4535-9AC4-465CEC5D44A8}.Debug|Any CPU.ActiveCfg = Debug|Any CPU
		{CF599A33-CD7B-4535-9AC4-465CEC5D44A8}.Debug|Any CPU.Build.0 = Debug|Any CPU
		{CF599A33-CD7B-4535-9AC4-465CEC5D44A8}.Release|Any CPU.ActiveCfg = Release|Any CPU
		{CF599A33-CD7B-4535-9AC4-465CEC5D44A8}.Release|Any CPU.Build.0 = Release|Any CPU
		{C7C03A7B-07E2-45B4-8937-56FAEA496402}.Debug|Any CPU.ActiveCfg = Debug|Any CPU
		{C7C03A7B-07E2-45B4-8937-56FAEA496402}.Debug|Any CPU.Build.0 = Debug|Any CPU
		{C7C03A7B-07E2-45B4-8937-56FAEA496402}.Release|Any CPU.ActiveCfg = Release|Any CPU
		{C7C03A7B-07E2-45B4-8937-56FAEA496402}.Release|Any CPU.Build.0 = Release|Any CPU
		{0231F021-9C13-4F10-880C-76BD3E0DF613}.Debug|Any CPU.ActiveCfg = Debug|Any CPU
		{0231F021-9C13-4F10-880C-76BD3E0DF613}.Debug|Any CPU.Build.0 = Debug|Any CPU
		{0231F021-9C13-4F10-880C-76BD3E0DF613}.Release|Any CPU.ActiveCfg = Release|Any CPU
		{0231F021-9C13-4F10-880C-76BD3E0DF613}.Release|Any CPU.Build.0 = Release|Any CPU
		{EA8B32F9-F2AE-4422-8051-BE1DE6528E51}.Debug|Any CPU.ActiveCfg = Debug|Any CPU
		{EA8B32F9-F2AE-4422-8051-BE1DE6528E51}.Debug|Any CPU.Build.0 = Debug|Any CPU
		{EA8B32F9-F2AE-4422-8051-BE1DE6528E51}.Release|Any CPU.ActiveCfg = Release|Any CPU
		{EA8B32F9-F2AE-4422-8051-BE1DE6528E51}.Release|Any CPU.Build.0 = Release|Any CPU
		{8C779A7D-768F-4F93-99C2-DDB71D309448}.Debug|Any CPU.ActiveCfg = Debug|Any CPU
		{8C779A7D-768F-4F93-99C2-DDB71D309448}.Debug|Any CPU.Build.0 = Debug|Any CPU
		{8C779A7D-768F-4F93-99C2-DDB71D309448}.Release|Any CPU.ActiveCfg = Release|Any CPU
		{8C779A7D-768F-4F93-99C2-DDB71D309448}.Release|Any CPU.Build.0 = Release|Any CPU
		{C7D6B6EB-5101-40B1-9A75-430AA1459AAD}.Debug|Any CPU.ActiveCfg = Debug|Any CPU
		{C7D6B6EB-5101-40B1-9A75-430AA1459AAD}.Debug|Any CPU.Build.0 = Debug|Any CPU
		{C7D6B6EB-5101-40B1-9A75-430AA1459AAD}.Release|Any CPU.ActiveCfg = Release|Any CPU
		{C7D6B6EB-5101-40B1-9A75-430AA1459AAD}.Release|Any CPU.Build.0 = Release|Any CPU
		{7169FDEF-6331-4902-8880-9624E5803CCB}.Debug|Any CPU.ActiveCfg = Debug|Any CPU
		{7169FDEF-6331-4902-8880-9624E5803CCB}.Debug|Any CPU.Build.0 = Debug|Any CPU
		{7169FDEF-6331-4902-8880-9624E5803CCB}.Release|Any CPU.ActiveCfg = Release|Any CPU
		{7169FDEF-6331-4902-8880-9624E5803CCB}.Release|Any CPU.Build.0 = Release|Any CPU
		{80A99E2D-D70B-4518-99AD-FE2D06EC90FD}.Debug|Any CPU.ActiveCfg = Debug|Any CPU
		{80A99E2D-D70B-4518-99AD-FE2D06EC90FD}.Debug|Any CPU.Build.0 = Debug|Any CPU
		{80A99E2D-D70B-4518-99AD-FE2D06EC90FD}.Release|Any CPU.ActiveCfg = Release|Any CPU
		{80A99E2D-D70B-4518-99AD-FE2D06EC90FD}.Release|Any CPU.Build.0 = Release|Any CPU
		{01173E51-FB5C-4377-956C-3FCACCE11838}.Debug|Any CPU.ActiveCfg = Debug|Any CPU
		{01173E51-FB5C-4377-956C-3FCACCE11838}.Debug|Any CPU.Build.0 = Debug|Any CPU
		{01173E51-FB5C-4377-956C-3FCACCE11838}.Release|Any CPU.ActiveCfg = Release|Any CPU
		{01173E51-FB5C-4377-956C-3FCACCE11838}.Release|Any CPU.Build.0 = Release|Any CPU
		{F784D334-3438-4572-AD8F-C055AD1C3AA6}.Debug|Any CPU.ActiveCfg = Debug|Any CPU
		{F784D334-3438-4572-AD8F-C055AD1C3AA6}.Debug|Any CPU.Build.0 = Debug|Any CPU
		{F784D334-3438-4572-AD8F-C055AD1C3AA6}.Release|Any CPU.ActiveCfg = Release|Any CPU
		{F784D334-3438-4572-AD8F-C055AD1C3AA6}.Release|Any CPU.Build.0 = Release|Any CPU
		{AE3781AB-A545-4030-8768-8AB9BD85B24C}.Debug|Any CPU.ActiveCfg = Debug|Any CPU
		{AE3781AB-A545-4030-8768-8AB9BD85B24C}.Debug|Any CPU.Build.0 = Debug|Any CPU
		{AE3781AB-A545-4030-8768-8AB9BD85B24C}.Release|Any CPU.ActiveCfg = Release|Any CPU
		{AE3781AB-A545-4030-8768-8AB9BD85B24C}.Release|Any CPU.Build.0 = Release|Any CPU
		{EB8802BB-6B85-4627-88AF-2307BE9521D7}.Debug|Any CPU.ActiveCfg = Debug|Any CPU
		{EB8802BB-6B85-4627-88AF-2307BE9521D7}.Debug|Any CPU.Build.0 = Debug|Any CPU
		{EB8802BB-6B85-4627-88AF-2307BE9521D7}.Release|Any CPU.ActiveCfg = Release|Any CPU
		{EB8802BB-6B85-4627-88AF-2307BE9521D7}.Release|Any CPU.Build.0 = Release|Any CPU
		{A9DE4300-BE16-45F6-990D-F00982AEF08F}.Debug|Any CPU.ActiveCfg = Debug|Any CPU
		{A9DE4300-BE16-45F6-990D-F00982AEF08F}.Debug|Any CPU.Build.0 = Debug|Any CPU
		{A9DE4300-BE16-45F6-990D-F00982AEF08F}.Release|Any CPU.ActiveCfg = Release|Any CPU
		{A9DE4300-BE16-45F6-990D-F00982AEF08F}.Release|Any CPU.Build.0 = Release|Any CPU
		{6A4F816C-710C-4D4A-87C6-13BEA11DDCA9}.Debug|Any CPU.ActiveCfg = Debug|Any CPU
		{6A4F816C-710C-4D4A-87C6-13BEA11DDCA9}.Debug|Any CPU.Build.0 = Debug|Any CPU
		{6A4F816C-710C-4D4A-87C6-13BEA11DDCA9}.Release|Any CPU.ActiveCfg = Release|Any CPU
		{6A4F816C-710C-4D4A-87C6-13BEA11DDCA9}.Release|Any CPU.Build.0 = Release|Any CPU
		{C3305BEE-5615-4F0B-BF04-E23A324CD0E8}.Debug|Any CPU.ActiveCfg = Debug|Any CPU
		{C3305BEE-5615-4F0B-BF04-E23A324CD0E8}.Debug|Any CPU.Build.0 = Debug|Any CPU
		{C3305BEE-5615-4F0B-BF04-E23A324CD0E8}.Release|Any CPU.ActiveCfg = Release|Any CPU
		{C3305BEE-5615-4F0B-BF04-E23A324CD0E8}.Release|Any CPU.Build.0 = Release|Any CPU
		{2C6FB61D-506C-45FA-A92F-CCE19CE0E805}.Debug|Any CPU.ActiveCfg = Debug|Any CPU
		{2C6FB61D-506C-45FA-A92F-CCE19CE0E805}.Debug|Any CPU.Build.0 = Debug|Any CPU
		{2C6FB61D-506C-45FA-A92F-CCE19CE0E805}.Release|Any CPU.ActiveCfg = Release|Any CPU
		{2C6FB61D-506C-45FA-A92F-CCE19CE0E805}.Release|Any CPU.Build.0 = Release|Any CPU
		{DB777B7A-FE0D-407D-ACEA-CFF7BB911BFB}.Debug|Any CPU.ActiveCfg = Debug|Any CPU
		{DB777B7A-FE0D-407D-ACEA-CFF7BB911BFB}.Debug|Any CPU.Build.0 = Debug|Any CPU
		{DB777B7A-FE0D-407D-ACEA-CFF7BB911BFB}.Release|Any CPU.ActiveCfg = Release|Any CPU
		{DB777B7A-FE0D-407D-ACEA-CFF7BB911BFB}.Release|Any CPU.Build.0 = Release|Any CPU
	EndGlobalSection
	GlobalSection(SolutionProperties) = preSolution
		HideSolutionNode = FALSE
	EndGlobalSection
	GlobalSection(ExtensibilityGlobals) = postSolution
		SolutionGuid = {D63F2792-883F-4B30-8905-4DC2D1189454}
	EndGlobalSection
EndGlobal
