
Microsoft Visual Studio Solution File, Format Version 12.00
# Visual Studio 15
VisualStudioVersion = 15.0.28307.1585
MinimumVisualStudioVersion = 10.0.40219.1
Project("{FAE04EC0-301F-11D3-BF4B-00C04F79EFBC}") = "01 StructsC", "01 StructsC\01 StructsC.csproj", "{99A44CB3-8563-4D10-BDB4-6180A12EEDDE}"
EndProject
Project("{FAE04EC0-301F-11D3-BF4B-00C04F79EFBC}") = "02 EnumsC", "02 EnumsC\02 EnumsC.csproj", "{E656A5BA-F208-4CB2-9207-75F3D70C5385}"
EndProject
Project("{FAE04EC0-301F-11D3-BF4B-00C04F79EFBC}") = "03 MathE", "03 MathE\03 MathE.csproj", "{A58DFC09-A80C-4A98-9697-0AF4A77D0543}"
EndProject
Project("{FAE04EC0-301F-11D3-BF4B-00C04F79EFBC}") = "04 RandomT", "04 RandomT\04 RandomT.csproj", "{645C52D2-D800-4503-9969-5D0E94562E4A}"
EndProject
Project("{FAE04EC0-301F-11D3-BF4B-00C04F79EFBC}") = "05 Regular Expressions", "05 Regular Expressions\05 Regular Expressions.csproj", "{80A85724-F2E2-4A35-9C9A-7FB647D4E74F}"
EndProject
Project("{FAE04EC0-301F-11D3-BF4B-00C04F79EFBC}") = "06 DateTimeT", "06 DateTimeT\06 DateTimeT.csproj", "{67994660-8157-422E-8ADD-A01B9A6A19F5}"
EndProject
Project("{FAE04EC0-301F-11D3-BF4B-00C04F79EFBC}") = "07 Nullables", "07 Nullables\07 Nullables.csproj", "{5D80EB08-3873-4C56-953A-37AD6AA93955}"
EndProject
Project("{FAE04EC0-301F-11D3-BF4B-00C04F79EFBC}") = "08 MainArgsDemo", "08 MainArgsDemo\08 MainArgsDemo.csproj", "{96072A3C-AC8D-4EE4-A76B-5D1A5545535A}"
EndProject
Global
	GlobalSection(SolutionConfigurationPlatforms) = preSolution
		Debug|Any CPU = Debug|Any CPU
		Release|Any CPU = Release|Any CPU
	EndGlobalSection
	GlobalSection(ProjectConfigurationPlatforms) = postSolution
		{99A44CB3-8563-4D10-BDB4-6180A12EEDDE}.Debug|Any CPU.ActiveCfg = Debug|Any CPU
		{99A44CB3-8563-4D10-BDB4-6180A12EEDDE}.Debug|Any CPU.Build.0 = Debug|Any CPU
		{99A44CB3-8563-4D10-BDB4-6180A12EEDDE}.Release|Any CPU.ActiveCfg = Release|Any CPU
		{99A44CB3-8563-4D10-BDB4-6180A12EEDDE}.Release|Any CPU.Build.0 = Release|Any CPU
		{E656A5BA-F208-4CB2-9207-75F3D70C5385}.Debug|Any CPU.ActiveCfg = Debug|Any CPU
		{E656A5BA-F208-4CB2-9207-75F3D70C5385}.Debug|Any CPU.Build.0 = Debug|Any CPU
		{E656A5BA-F208-4CB2-9207-75F3D70C5385}.Release|Any CPU.ActiveCfg = Release|Any CPU
		{E656A5BA-F208-4CB2-9207-75F3D70C5385}.Release|Any CPU.Build.0 = Release|Any CPU
		{A58DFC09-A80C-4A98-9697-0AF4A77D0543}.Debug|Any CPU.ActiveCfg = Debug|Any CPU
		{A58DFC09-A80C-4A98-9697-0AF4A77D0543}.Debug|Any CPU.Build.0 = Debug|Any CPU
		{A58DFC09-A80C-4A98-9697-0AF4A77D0543}.Release|Any CPU.ActiveCfg = Release|Any CPU
		{A58DFC09-A80C-4A98-9697-0AF4A77D0543}.Release|Any CPU.Build.0 = Release|Any CPU
		{645C52D2-D800-4503-9969-5D0E94562E4A}.Debug|Any CPU.ActiveCfg = Debug|Any CPU
		{645C52D2-D800-4503-9969-5D0E94562E4A}.Debug|Any CPU.Build.0 = Debug|Any CPU
		{645C52D2-D800-4503-9969-5D0E94562E4A}.Release|Any CPU.ActiveCfg = Release|Any CPU
		{645C52D2-D800-4503-9969-5D0E94562E4A}.Release|Any CPU.Build.0 = Release|Any CPU
		{80A85724-F2E2-4A35-9C9A-7FB647D4E74F}.Debug|Any CPU.ActiveCfg = Debug|Any CPU
		{80A85724-F2E2-4A35-9C9A-7FB647D4E74F}.Debug|Any CPU.Build.0 = Debug|Any CPU
		{80A85724-F2E2-4A35-9C9A-7FB647D4E74F}.Release|Any CPU.ActiveCfg = Release|Any CPU
		{80A85724-F2E2-4A35-9C9A-7FB647D4E74F}.Release|Any CPU.Build.0 = Release|Any CPU
		{67994660-8157-422E-8ADD-A01B9A6A19F5}.Debug|Any CPU.ActiveCfg = Debug|Any CPU
		{67994660-8157-422E-8ADD-A01B9A6A19F5}.Debug|Any CPU.Build.0 = Debug|Any CPU
		{67994660-8157-422E-8ADD-A01B9A6A19F5}.Release|Any CPU.ActiveCfg = Release|Any CPU
		{67994660-8157-422E-8ADD-A01B9A6A19F5}.Release|Any CPU.Build.0 = Release|Any CPU
		{5D80EB08-3873-4C56-953A-37AD6AA93955}.Debug|Any CPU.ActiveCfg = Debug|Any CPU
		{5D80EB08-3873-4C56-953A-37AD6AA93955}.Debug|Any CPU.Build.0 = Debug|Any CPU
		{5D80EB08-3873-4C56-953A-37AD6AA93955}.Release|Any CPU.ActiveCfg = Release|Any CPU
		{5D80EB08-3873-4C56-953A-37AD6AA93955}.Release|Any CPU.Build.0 = Release|Any CPU
		{96072A3C-AC8D-4EE4-A76B-5D1A5545535A}.Debug|Any CPU.ActiveCfg = Debug|Any CPU
		{96072A3C-AC8D-4EE4-A76B-5D1A5545535A}.Debug|Any CPU.Build.0 = Debug|Any CPU
		{96072A3C-AC8D-4EE4-A76B-5D1A5545535A}.Release|Any CPU.ActiveCfg = Release|Any CPU
		{96072A3C-AC8D-4EE4-A76B-5D1A5545535A}.Release|Any CPU.Build.0 = Release|Any CPU
	EndGlobalSection
	GlobalSection(SolutionProperties) = preSolution
		HideSolutionNode = FALSE
	EndGlobalSection
	GlobalSection(ExtensibilityGlobals) = postSolution
		SolutionGuid = {CE581073-B043-43A3-BBAB-115453069DBB}
	EndGlobalSection
EndGlobal
